// !$*UTF8*$!
{
	archiveVersion = 1;
	classes = {
	};
	objectVersion = 48;
	objects = {

/* Begin PBXBuildFile section */
		5E6E75A847C9EAE99E34BB28 /* Pods_firebase_realtime_database_test.framework in Frameworks */ = {isa = PBXBuildFile; fileRef = A025C033F237869EF6A430EB /* Pods_firebase_realtime_database_test.framework */; };
		7295046D4646DEEAC19503B2 /* Pods_firebase_realtime_database_testUITests.framework in Frameworks */ = {isa = PBXBuildFile; fileRef = B236CA7291060A614240490E /* Pods_firebase_realtime_database_testUITests.framework */; };
		9E156ED620289F7300C4F4C0 /* GoogleService-Info.plist in Resources */ = {isa = PBXBuildFile; fileRef = 9E156ED520289F7300C4F4C0 /* GoogleService-Info.plist */; };
		9E1E421A20286DEE006418BA /* AppDelegate.swift in Sources */ = {isa = PBXBuildFile; fileRef = 9E1E421920286DEE006418BA /* AppDelegate.swift */; };
		9E1E421C20286DEE006418BA /* ChatViewController.swift in Sources */ = {isa = PBXBuildFile; fileRef = 9E1E421B20286DEE006418BA /* ChatViewController.swift */; };
		9E1E421F20286DEE006418BA /* Main.storyboard in Resources */ = {isa = PBXBuildFile; fileRef = 9E1E421D20286DEE006418BA /* Main.storyboard */; };
		9E1E422220286DEE006418BA /* firebase_realtime_database_test.xcdatamodeld in Sources */ = {isa = PBXBuildFile; fileRef = 9E1E422020286DEE006418BA /* firebase_realtime_database_test.xcdatamodeld */; };
		9E1E422420286DEE006418BA /* Assets.xcassets in Resources */ = {isa = PBXBuildFile; fileRef = 9E1E422320286DEE006418BA /* Assets.xcassets */; };
		9E1E422720286DEE006418BA /* LaunchScreen.storyboard in Resources */ = {isa = PBXBuildFile; fileRef = 9E1E422520286DEE006418BA /* LaunchScreen.storyboard */; };
		9E1E423220286DEE006418BA /* firebase_realtime_database_testTests.swift in Sources */ = {isa = PBXBuildFile; fileRef = 9E1E423120286DEE006418BA /* firebase_realtime_database_testTests.swift */; };
		9E1E423D20286DEE006418BA /* firebase_realtime_database_testUITests.swift in Sources */ = {isa = PBXBuildFile; fileRef = 9E1E423C20286DEE006418BA /* firebase_realtime_database_testUITests.swift */; };
		9E2A7A7B2028BE0300F7D45E /* Firebase.swift in Sources */ = {isa = PBXBuildFile; fileRef = 9E2A7A7A2028BE0300F7D45E /* Firebase.swift */; };
		9E2A7A7F2028C36C00F7D45E /* LoginViewController.swift in Sources */ = {isa = PBXBuildFile; fileRef = 9E2A7A7E2028C36C00F7D45E /* LoginViewController.swift */; };
		9E2A7A832028C74300F7D45E /* SignInViewController.swift in Sources */ = {isa = PBXBuildFile; fileRef = 9E2A7A822028C74300F7D45E /* SignInViewController.swift */; };
		9E2A7A852028C7D400F7D45E /* App.swift in Sources */ = {isa = PBXBuildFile; fileRef = 9E2A7A842028C7D400F7D45E /* App.swift */; };
		9E4147FD2031B16800000780 /* NewMessageChatIDs.swift in Sources */ = {isa = PBXBuildFile; fileRef = 9E4147FC2031B16800000780 /* NewMessageChatIDs.swift */; };
		9E4148022031E4F300000780 /* AssignChatToUserQueue.swift in Sources */ = {isa = PBXBuildFile; fileRef = 9E4148012031E4F300000780 /* AssignChatToUserQueue.swift */; };
		9E4148062031EA3400000780 /* Chats.swift in Sources */ = {isa = PBXBuildFile; fileRef = 9E4148052031EA3400000780 /* Chats.swift */; };
		9E98EF7C203318E700F9C6A5 /* ChatsAlertController.swift in Sources */ = {isa = PBXBuildFile; fileRef = 9E98EF7B203318E700F9C6A5 /* ChatsAlertController.swift */; };
		9EAFC668202DE34D001BE840 /* AssignChatToUserViewController.swift in Sources */ = {isa = PBXBuildFile; fileRef = 9EAFC667202DE34D001BE840 /* AssignChatToUserViewController.swift */; };
		9ECE50042029C92000C4DC96 /* Chat.swift in Sources */ = {isa = PBXBuildFile; fileRef = 9ECE50032029C92000C4DC96 /* Chat.swift */; };
		9ECE50092029E8BB00C4DC96 /* ChatsViewController.swift in Sources */ = {isa = PBXBuildFile; fileRef = 9ECE50082029E8BB00C4DC96 /* ChatsViewController.swift */; };
		A21C939DC374777E6731FDE4 /* Pods_firebase_realtime_database_testTests.framework in Frameworks */ = {isa = PBXBuildFile; fileRef = 8BA71F89A517F4B1A1B3BC9A /* Pods_firebase_realtime_database_testTests.framework */; };
/* End PBXBuildFile section */

/* Begin PBXContainerItemProxy section */
		9E1E422E20286DEE006418BA /* PBXContainerItemProxy */ = {
			isa = PBXContainerItemProxy;
			containerPortal = 9E1E420E20286DEE006418BA /* Project object */;
			proxyType = 1;
			remoteGlobalIDString = 9E1E421520286DEE006418BA;
			remoteInfo = firebase_realtime_database_test;
		};
		9E1E423920286DEE006418BA /* PBXContainerItemProxy */ = {
			isa = PBXContainerItemProxy;
			containerPortal = 9E1E420E20286DEE006418BA /* Project object */;
			proxyType = 1;
			remoteGlobalIDString = 9E1E421520286DEE006418BA;
			remoteInfo = firebase_realtime_database_test;
		};
/* End PBXContainerItemProxy section */

/* Begin PBXFileReference section */
		07A4240980D190850D1A5DEF /* Pods-firebase_realtime_database_testUITests.debug.xcconfig */ = {isa = PBXFileReference; includeInIndex = 1; lastKnownFileType = text.xcconfig; name = "Pods-firebase_realtime_database_testUITests.debug.xcconfig"; path = "Pods/Target Support Files/Pods-firebase_realtime_database_testUITests/Pods-firebase_realtime_database_testUITests.debug.xcconfig"; sourceTree = "<group>"; };
		430A47D667F022034480D9AC /* Pods-firebase_realtime_database_testUITests.release.xcconfig */ = {isa = PBXFileReference; includeInIndex = 1; lastKnownFileType = text.xcconfig; name = "Pods-firebase_realtime_database_testUITests.release.xcconfig"; path = "Pods/Target Support Files/Pods-firebase_realtime_database_testUITests/Pods-firebase_realtime_database_testUITests.release.xcconfig"; sourceTree = "<group>"; };
		4C0391EADF9A7648B0FDAA4D /* Pods-firebase_realtime_database_test.debug.xcconfig */ = {isa = PBXFileReference; includeInIndex = 1; lastKnownFileType = text.xcconfig; name = "Pods-firebase_realtime_database_test.debug.xcconfig"; path = "Pods/Target Support Files/Pods-firebase_realtime_database_test/Pods-firebase_realtime_database_test.debug.xcconfig"; sourceTree = "<group>"; };
		8BA71F89A517F4B1A1B3BC9A /* Pods_firebase_realtime_database_testTests.framework */ = {isa = PBXFileReference; explicitFileType = wrapper.framework; includeInIndex = 0; path = Pods_firebase_realtime_database_testTests.framework; sourceTree = BUILT_PRODUCTS_DIR; };
		9E156ED520289F7300C4F4C0 /* GoogleService-Info.plist */ = {isa = PBXFileReference; fileEncoding = 4; lastKnownFileType = text.plist.xml; path = "GoogleService-Info.plist"; sourceTree = "<group>"; };
		9E1E421620286DEE006418BA /* firebase_realtime_database_test.app */ = {isa = PBXFileReference; explicitFileType = wrapper.application; includeInIndex = 0; path = firebase_realtime_database_test.app; sourceTree = BUILT_PRODUCTS_DIR; };
		9E1E421920286DEE006418BA /* AppDelegate.swift */ = {isa = PBXFileReference; lastKnownFileType = sourcecode.swift; path = AppDelegate.swift; sourceTree = "<group>"; };
		9E1E421B20286DEE006418BA /* ChatViewController.swift */ = {isa = PBXFileReference; lastKnownFileType = sourcecode.swift; path = ChatViewController.swift; sourceTree = "<group>"; };
		9E1E421E20286DEE006418BA /* Base */ = {isa = PBXFileReference; lastKnownFileType = file.storyboard; name = Base; path = Base.lproj/Main.storyboard; sourceTree = "<group>"; };
		9E1E422120286DEE006418BA /* firebase_realtime_database_test.xcdatamodel */ = {isa = PBXFileReference; lastKnownFileType = wrapper.xcdatamodel; path = firebase_realtime_database_test.xcdatamodel; sourceTree = "<group>"; };
		9E1E422320286DEE006418BA /* Assets.xcassets */ = {isa = PBXFileReference; lastKnownFileType = folder.assetcatalog; path = Assets.xcassets; sourceTree = "<group>"; };
		9E1E422620286DEE006418BA /* Base */ = {isa = PBXFileReference; lastKnownFileType = file.storyboard; name = Base; path = Base.lproj/LaunchScreen.storyboard; sourceTree = "<group>"; };
		9E1E422820286DEE006418BA /* Info.plist */ = {isa = PBXFileReference; lastKnownFileType = text.plist.xml; path = Info.plist; sourceTree = "<group>"; };
		9E1E422D20286DEE006418BA /* firebase_realtime_database_testTests.xctest */ = {isa = PBXFileReference; explicitFileType = wrapper.cfbundle; includeInIndex = 0; path = firebase_realtime_database_testTests.xctest; sourceTree = BUILT_PRODUCTS_DIR; };
		9E1E423120286DEE006418BA /* firebase_realtime_database_testTests.swift */ = {isa = PBXFileReference; lastKnownFileType = sourcecode.swift; path = firebase_realtime_database_testTests.swift; sourceTree = "<group>"; };
		9E1E423320286DEE006418BA /* Info.plist */ = {isa = PBXFileReference; lastKnownFileType = text.plist.xml; path = Info.plist; sourceTree = "<group>"; };
		9E1E423820286DEE006418BA /* firebase_realtime_database_testUITests.xctest */ = {isa = PBXFileReference; explicitFileType = wrapper.cfbundle; includeInIndex = 0; path = firebase_realtime_database_testUITests.xctest; sourceTree = BUILT_PRODUCTS_DIR; };
		9E1E423C20286DEE006418BA /* firebase_realtime_database_testUITests.swift */ = {isa = PBXFileReference; lastKnownFileType = sourcecode.swift; path = firebase_realtime_database_testUITests.swift; sourceTree = "<group>"; };
		9E1E423E20286DEF006418BA /* Info.plist */ = {isa = PBXFileReference; lastKnownFileType = text.plist.xml; path = Info.plist; sourceTree = "<group>"; };
		9E2A7A7A2028BE0300F7D45E /* Firebase.swift */ = {isa = PBXFileReference; lastKnownFileType = sourcecode.swift; path = Firebase.swift; sourceTree = "<group>"; };
		9E2A7A7E2028C36C00F7D45E /* LoginViewController.swift */ = {isa = PBXFileReference; lastKnownFileType = sourcecode.swift; path = LoginViewController.swift; sourceTree = "<group>"; };
		9E2A7A822028C74300F7D45E /* SignInViewController.swift */ = {isa = PBXFileReference; lastKnownFileType = sourcecode.swift; path = SignInViewController.swift; sourceTree = "<group>"; };
		9E2A7A842028C7D400F7D45E /* App.swift */ = {isa = PBXFileReference; lastKnownFileType = sourcecode.swift; path = App.swift; sourceTree = "<group>"; };
		9E4147FC2031B16800000780 /* NewMessageChatIDs.swift */ = {isa = PBXFileReference; lastKnownFileType = sourcecode.swift; path = NewMessageChatIDs.swift; sourceTree = "<group>"; };
		9E4148012031E4F300000780 /* AssignChatToUserQueue.swift */ = {isa = PBXFileReference; lastKnownFileType = sourcecode.swift; path = AssignChatToUserQueue.swift; sourceTree = "<group>"; };
		9E4148052031EA3400000780 /* Chats.swift */ = {isa = PBXFileReference; lastKnownFileType = sourcecode.swift; path = Chats.swift; sourceTree = "<group>"; };
		9E98EF7B203318E700F9C6A5 /* ChatsAlertController.swift */ = {isa = PBXFileReference; lastKnownFileType = sourcecode.swift; path = ChatsAlertController.swift; sourceTree = "<group>"; };
		9EAFC667202DE34D001BE840 /* AssignChatToUserViewController.swift */ = {isa = PBXFileReference; lastKnownFileType = sourcecode.swift; path = AssignChatToUserViewController.swift; sourceTree = "<group>"; };
		9ECE50032029C92000C4DC96 /* Chat.swift */ = {isa = PBXFileReference; lastKnownFileType = sourcecode.swift; path = Chat.swift; sourceTree = "<group>"; };
		9ECE50082029E8BB00C4DC96 /* ChatsViewController.swift */ = {isa = PBXFileReference; lastKnownFileType = sourcecode.swift; path = ChatsViewController.swift; sourceTree = "<group>"; };
		A025C033F237869EF6A430EB /* Pods_firebase_realtime_database_test.framework */ = {isa = PBXFileReference; explicitFileType = wrapper.framework; includeInIndex = 0; path = Pods_firebase_realtime_database_test.framework; sourceTree = BUILT_PRODUCTS_DIR; };
		B236CA7291060A614240490E /* Pods_firebase_realtime_database_testUITests.framework */ = {isa = PBXFileReference; explicitFileType = wrapper.framework; includeInIndex = 0; path = Pods_firebase_realtime_database_testUITests.framework; sourceTree = BUILT_PRODUCTS_DIR; };
		CC667166A07BE62150AB21F2 /* Pods-firebase_realtime_database_testTests.release.xcconfig */ = {isa = PBXFileReference; includeInIndex = 1; lastKnownFileType = text.xcconfig; name = "Pods-firebase_realtime_database_testTests.release.xcconfig"; path = "Pods/Target Support Files/Pods-firebase_realtime_database_testTests/Pods-firebase_realtime_database_testTests.release.xcconfig"; sourceTree = "<group>"; };
		F7530BE2DA201989D4902B03 /* Pods-firebase_realtime_database_testTests.debug.xcconfig */ = {isa = PBXFileReference; includeInIndex = 1; lastKnownFileType = text.xcconfig; name = "Pods-firebase_realtime_database_testTests.debug.xcconfig"; path = "Pods/Target Support Files/Pods-firebase_realtime_database_testTests/Pods-firebase_realtime_database_testTests.debug.xcconfig"; sourceTree = "<group>"; };
		FB8A5A0D922B8A43687B8596 /* Pods-firebase_realtime_database_test.release.xcconfig */ = {isa = PBXFileReference; includeInIndex = 1; lastKnownFileType = text.xcconfig; name = "Pods-firebase_realtime_database_test.release.xcconfig"; path = "Pods/Target Support Files/Pods-firebase_realtime_database_test/Pods-firebase_realtime_database_test.release.xcconfig"; sourceTree = "<group>"; };
/* End PBXFileReference section */

/* Begin PBXFrameworksBuildPhase section */
		9E1E421320286DEE006418BA /* Frameworks */ = {
			isa = PBXFrameworksBuildPhase;
			buildActionMask = 2147483647;
			files = (
				5E6E75A847C9EAE99E34BB28 /* Pods_firebase_realtime_database_test.framework in Frameworks */,
			);
			runOnlyForDeploymentPostprocessing = 0;
		};
		9E1E422A20286DEE006418BA /* Frameworks */ = {
			isa = PBXFrameworksBuildPhase;
			buildActionMask = 2147483647;
			files = (
				A21C939DC374777E6731FDE4 /* Pods_firebase_realtime_database_testTests.framework in Frameworks */,
			);
			runOnlyForDeploymentPostprocessing = 0;
		};
		9E1E423520286DEE006418BA /* Frameworks */ = {
			isa = PBXFrameworksBuildPhase;
			buildActionMask = 2147483647;
			files = (
				7295046D4646DEEAC19503B2 /* Pods_firebase_realtime_database_testUITests.framework in Frameworks */,
			);
			runOnlyForDeploymentPostprocessing = 0;
		};
/* End PBXFrameworksBuildPhase section */

/* Begin PBXGroup section */
		0EC4D073911C085B0A8CF7D4 /* Pods */ = {
			isa = PBXGroup;
			children = (
				4C0391EADF9A7648B0FDAA4D /* Pods-firebase_realtime_database_test.debug.xcconfig */,
				FB8A5A0D922B8A43687B8596 /* Pods-firebase_realtime_database_test.release.xcconfig */,
				F7530BE2DA201989D4902B03 /* Pods-firebase_realtime_database_testTests.debug.xcconfig */,
				CC667166A07BE62150AB21F2 /* Pods-firebase_realtime_database_testTests.release.xcconfig */,
				07A4240980D190850D1A5DEF /* Pods-firebase_realtime_database_testUITests.debug.xcconfig */,
				430A47D667F022034480D9AC /* Pods-firebase_realtime_database_testUITests.release.xcconfig */,
			);
			name = Pods;
			sourceTree = "<group>";
		};
		9E1E420D20286DEE006418BA = {
			isa = PBXGroup;
			children = (
				9E1E421820286DEE006418BA /* firebase_realtime_database_test */,
				9E1E423020286DEE006418BA /* firebase_realtime_database_testTests */,
				9E1E423B20286DEE006418BA /* firebase_realtime_database_testUITests */,
				9E1E421720286DEE006418BA /* Products */,
				0EC4D073911C085B0A8CF7D4 /* Pods */,
				D9ABB307E9BECCBEB87DCE8F /* Frameworks */,
			);
			sourceTree = "<group>";
		};
		9E1E421720286DEE006418BA /* Products */ = {
			isa = PBXGroup;
			children = (
				9E1E421620286DEE006418BA /* firebase_realtime_database_test.app */,
				9E1E422D20286DEE006418BA /* firebase_realtime_database_testTests.xctest */,
				9E1E423820286DEE006418BA /* firebase_realtime_database_testUITests.xctest */,
			);
			name = Products;
			sourceTree = "<group>";
		};
		9E1E421820286DEE006418BA /* firebase_realtime_database_test */ = {
			isa = PBXGroup;
			children = (
				9E2A7A782028BDEF00F7D45E /* Components */,
				9E2A7A752028BD7200F7D45E /* Pages */,
				9E1E421920286DEE006418BA /* AppDelegate.swift */,
				9E2A7A842028C7D400F7D45E /* App.swift */,
				9E1E421D20286DEE006418BA /* Main.storyboard */,
				9E1E422320286DEE006418BA /* Assets.xcassets */,
				9E1E422520286DEE006418BA /* LaunchScreen.storyboard */,
				9E1E422820286DEE006418BA /* Info.plist */,
				9E156ED520289F7300C4F4C0 /* GoogleService-Info.plist */,
				9E1E422020286DEE006418BA /* firebase_realtime_database_test.xcdatamodeld */,
			);
			path = firebase_realtime_database_test;
			sourceTree = "<group>";
		};
		9E1E423020286DEE006418BA /* firebase_realtime_database_testTests */ = {
			isa = PBXGroup;
			children = (
				9E1E423120286DEE006418BA /* firebase_realtime_database_testTests.swift */,
				9E1E423320286DEE006418BA /* Info.plist */,
			);
			path = firebase_realtime_database_testTests;
			sourceTree = "<group>";
		};
		9E1E423B20286DEE006418BA /* firebase_realtime_database_testUITests */ = {
			isa = PBXGroup;
			children = (
				9E1E423C20286DEE006418BA /* firebase_realtime_database_testUITests.swift */,
				9E1E423E20286DEF006418BA /* Info.plist */,
			);
			path = firebase_realtime_database_testUITests;
			sourceTree = "<group>";
		};
		9E2A7A752028BD7200F7D45E /* Pages */ = {
			isa = PBXGroup;
			children = (
				9EAFC665202DE309001BE840 /* AssignChatToUser */,
				9E2A7A802028C70F00F7D45E /* SignIn */,
				9E2A7A7C2028C34500F7D45E /* Login */,
				9ECE50062029E87800C4DC96 /* Chats */,
				9E2A7A762028BD7800F7D45E /* Chat */,
			);
			path = Pages;
			sourceTree = "<group>";
		};
		9E2A7A762028BD7800F7D45E /* Chat */ = {
			isa = PBXGroup;
			children = (
				9ECE50022029C90F00C4DC96 /* Helper */,
				9E2A7A772028BD8800F7D45E /* Controller */,
			);
			path = Chat;
			sourceTree = "<group>";
		};
		9E2A7A772028BD8800F7D45E /* Controller */ = {
			isa = PBXGroup;
			children = (
				9E1E421B20286DEE006418BA /* ChatViewController.swift */,
			);
			path = Controller;
			sourceTree = "<group>";
		};
		9E2A7A782028BDEF00F7D45E /* Components */ = {
			isa = PBXGroup;
			children = (
				9E2A7A792028BDF700F7D45E /* Firebase */,
			);
			path = Components;
			sourceTree = "<group>";
		};
		9E2A7A792028BDF700F7D45E /* Firebase */ = {
			isa = PBXGroup;
			children = (
				9E2A7A7A2028BE0300F7D45E /* Firebase.swift */,
			);
			path = Firebase;
			sourceTree = "<group>";
		};
		9E2A7A7C2028C34500F7D45E /* Login */ = {
			isa = PBXGroup;
			children = (
				9E2A7A7D2028C35100F7D45E /* Controller */,
			);
			path = Login;
			sourceTree = "<group>";
		};
		9E2A7A7D2028C35100F7D45E /* Controller */ = {
			isa = PBXGroup;
			children = (
				9E2A7A7E2028C36C00F7D45E /* LoginViewController.swift */,
			);
			path = Controller;
			sourceTree = "<group>";
		};
		9E2A7A802028C70F00F7D45E /* SignIn */ = {
			isa = PBXGroup;
			children = (
				9E2A7A812028C72500F7D45E /* Controller */,
			);
			path = SignIn;
			sourceTree = "<group>";
		};
		9E2A7A812028C72500F7D45E /* Controller */ = {
			isa = PBXGroup;
			children = (
				9E2A7A822028C74300F7D45E /* SignInViewController.swift */,
			);
			path = Controller;
			sourceTree = "<group>";
		};
		9E4147FB2031B15500000780 /* Model */ = {
			isa = PBXGroup;
			children = (
				9E4147FC2031B16800000780 /* NewMessageChatIDs.swift */,
				9E4148012031E4F300000780 /* AssignChatToUserQueue.swift */,
			);
			path = Model;
			sourceTree = "<group>";
		};
		9E4148042031EA2600000780 /* Helper */ = {
			isa = PBXGroup;
			children = (
				9E4148052031EA3400000780 /* Chats.swift */,
			);
			path = Helper;
			sourceTree = "<group>";
		};
		9EAFC665202DE309001BE840 /* AssignChatToUser */ = {
			isa = PBXGroup;
			children = (
				9EAFC666202DE32C001BE840 /* Controller */,
			);
			path = AssignChatToUser;
			sourceTree = "<group>";
		};
		9EAFC666202DE32C001BE840 /* Controller */ = {
			isa = PBXGroup;
			children = (
				9EAFC667202DE34D001BE840 /* AssignChatToUserViewController.swift */,
			);
			path = Controller;
			sourceTree = "<group>";
		};
		9ECE50022029C90F00C4DC96 /* Helper */ = {
			isa = PBXGroup;
			children = (
				9ECE50032029C92000C4DC96 /* Chat.swift */,
			);
			path = Helper;
			sourceTree = "<group>";
		};
		9ECE50062029E87800C4DC96 /* Chats */ = {
			isa = PBXGroup;
			children = (
				9E4148042031EA2600000780 /* Helper */,
				9E4147FB2031B15500000780 /* Model */,
				9ECE50072029E88B00C4DC96 /* Controller */,
			);
			path = Chats;
			sourceTree = "<group>";
		};
		9ECE50072029E88B00C4DC96 /* Controller */ = {
			isa = PBXGroup;
			children = (
				9ECE50082029E8BB00C4DC96 /* ChatsViewController.swift */,
				9E98EF7B203318E700F9C6A5 /* ChatsAlertController.swift */,
			);
			path = Controller;
			sourceTree = "<group>";
		};
		D9ABB307E9BECCBEB87DCE8F /* Frameworks */ = {
			isa = PBXGroup;
			children = (
				A025C033F237869EF6A430EB /* Pods_firebase_realtime_database_test.framework */,
				8BA71F89A517F4B1A1B3BC9A /* Pods_firebase_realtime_database_testTests.framework */,
				B236CA7291060A614240490E /* Pods_firebase_realtime_database_testUITests.framework */,
			);
			name = Frameworks;
			sourceTree = "<group>";
		};
/* End PBXGroup section */

/* Begin PBXNativeTarget section */
		9E1E421520286DEE006418BA /* firebase_realtime_database_test */ = {
			isa = PBXNativeTarget;
			buildConfigurationList = 9E1E424120286DEF006418BA /* Build configuration list for PBXNativeTarget "firebase_realtime_database_test" */;
			buildPhases = (
				F7F6B301F5B81BB854150137 /* [CP] Check Pods Manifest.lock */,
				9E1E421220286DEE006418BA /* Sources */,
				9E1E421320286DEE006418BA /* Frameworks */,
				9E1E421420286DEE006418BA /* Resources */,
				471E9031890720936B38A17A /* [CP] Embed Pods Frameworks */,
				1E7A725E26734BB38A8FDABB /* [CP] Copy Pods Resources */,
			);
			buildRules = (
			);
			dependencies = (
			);
			name = firebase_realtime_database_test;
			productName = firebase_realtime_database_test;
			productReference = 9E1E421620286DEE006418BA /* firebase_realtime_database_test.app */;
			productType = "com.apple.product-type.application";
		};
		9E1E422C20286DEE006418BA /* firebase_realtime_database_testTests */ = {
			isa = PBXNativeTarget;
			buildConfigurationList = 9E1E424420286DEF006418BA /* Build configuration list for PBXNativeTarget "firebase_realtime_database_testTests" */;
			buildPhases = (
				7D95D286C01900CBA5EFEAE5 /* [CP] Check Pods Manifest.lock */,
				9E1E422920286DEE006418BA /* Sources */,
				9E1E422A20286DEE006418BA /* Frameworks */,
				9E1E422B20286DEE006418BA /* Resources */,
				A628CA6F433FCAE29A703394 /* [CP] Embed Pods Frameworks */,
				CD971FD2E92CC12C1335787D /* [CP] Copy Pods Resources */,
			);
			buildRules = (
			);
			dependencies = (
				9E1E422F20286DEE006418BA /* PBXTargetDependency */,
			);
			name = firebase_realtime_database_testTests;
			productName = firebase_realtime_database_testTests;
			productReference = 9E1E422D20286DEE006418BA /* firebase_realtime_database_testTests.xctest */;
			productType = "com.apple.product-type.bundle.unit-test";
		};
		9E1E423720286DEE006418BA /* firebase_realtime_database_testUITests */ = {
			isa = PBXNativeTarget;
			buildConfigurationList = 9E1E424720286DEF006418BA /* Build configuration list for PBXNativeTarget "firebase_realtime_database_testUITests" */;
			buildPhases = (
				5508B2F0FF9D97769362EFC6 /* [CP] Check Pods Manifest.lock */,
				9E1E423420286DEE006418BA /* Sources */,
				9E1E423520286DEE006418BA /* Frameworks */,
				9E1E423620286DEE006418BA /* Resources */,
				CDC28F99CEC524CB04ED1F6C /* [CP] Embed Pods Frameworks */,
				97696A360F4580B257EACFE5 /* [CP] Copy Pods Resources */,
			);
			buildRules = (
			);
			dependencies = (
				9E1E423A20286DEE006418BA /* PBXTargetDependency */,
			);
			name = firebase_realtime_database_testUITests;
			productName = firebase_realtime_database_testUITests;
			productReference = 9E1E423820286DEE006418BA /* firebase_realtime_database_testUITests.xctest */;
			productType = "com.apple.product-type.bundle.ui-testing";
		};
/* End PBXNativeTarget section */

/* Begin PBXProject section */
		9E1E420E20286DEE006418BA /* Project object */ = {
			isa = PBXProject;
			attributes = {
				LastSwiftUpdateCheck = 0920;
				LastUpgradeCheck = 0920;
				ORGANIZATIONNAME = "Yan Malinovsky";
				TargetAttributes = {
					9E1E421520286DEE006418BA = {
						CreatedOnToolsVersion = 9.2;
						ProvisioningStyle = Automatic;
					};
					9E1E422C20286DEE006418BA = {
						CreatedOnToolsVersion = 9.2;
						ProvisioningStyle = Automatic;
						TestTargetID = 9E1E421520286DEE006418BA;
					};
					9E1E423720286DEE006418BA = {
						CreatedOnToolsVersion = 9.2;
						ProvisioningStyle = Automatic;
						TestTargetID = 9E1E421520286DEE006418BA;
					};
				};
			};
			buildConfigurationList = 9E1E421120286DEE006418BA /* Build configuration list for PBXProject "firebase_realtime_database_test" */;
			compatibilityVersion = "Xcode 8.0";
			developmentRegion = en;
			hasScannedForEncodings = 0;
			knownRegions = (
				en,
				Base,
			);
			mainGroup = 9E1E420D20286DEE006418BA;
			productRefGroup = 9E1E421720286DEE006418BA /* Products */;
			projectDirPath = "";
			projectRoot = "";
			targets = (
				9E1E421520286DEE006418BA /* firebase_realtime_database_test */,
				9E1E422C20286DEE006418BA /* firebase_realtime_database_testTests */,
				9E1E423720286DEE006418BA /* firebase_realtime_database_testUITests */,
			);
		};
/* End PBXProject section */

/* Begin PBXResourcesBuildPhase section */
		9E1E421420286DEE006418BA /* Resources */ = {
			isa = PBXResourcesBuildPhase;
			buildActionMask = 2147483647;
			files = (
				9E1E422720286DEE006418BA /* LaunchScreen.storyboard in Resources */,
				9E156ED620289F7300C4F4C0 /* GoogleService-Info.plist in Resources */,
				9E1E422420286DEE006418BA /* Assets.xcassets in Resources */,
				9E1E421F20286DEE006418BA /* Main.storyboard in Resources */,
			);
			runOnlyForDeploymentPostprocessing = 0;
		};
		9E1E422B20286DEE006418BA /* Resources */ = {
			isa = PBXResourcesBuildPhase;
			buildActionMask = 2147483647;
			files = (
			);
			runOnlyForDeploymentPostprocessing = 0;
		};
		9E1E423620286DEE006418BA /* Resources */ = {
			isa = PBXResourcesBuildPhase;
			buildActionMask = 2147483647;
			files = (
			);
			runOnlyForDeploymentPostprocessing = 0;
		};
/* End PBXResourcesBuildPhase section */

/* Begin PBXShellScriptBuildPhase section */
		1E7A725E26734BB38A8FDABB /* [CP] Copy Pods Resources */ = {
			isa = PBXShellScriptBuildPhase;
			buildActionMask = 2147483647;
			files = (
			);
			inputPaths = (
			);
			name = "[CP] Copy Pods Resources";
			outputPaths = (
			);
			runOnlyForDeploymentPostprocessing = 0;
			shellPath = /bin/sh;
			shellScript = "\"${SRCROOT}/Pods/Target Support Files/Pods-firebase_realtime_database_test/Pods-firebase_realtime_database_test-resources.sh\"\n";
			showEnvVarsInLog = 0;
		};
		471E9031890720936B38A17A /* [CP] Embed Pods Frameworks */ = {
			isa = PBXShellScriptBuildPhase;
			buildActionMask = 2147483647;
			files = (
			);
			inputPaths = (
				"${SRCROOT}/Pods/Target Support Files/Pods-firebase_realtime_database_test/Pods-firebase_realtime_database_test-frameworks.sh",
				"${BUILT_PRODUCTS_DIR}/GTMSessionFetcher/GTMSessionFetcher.framework",
				"${BUILT_PRODUCTS_DIR}/GoogleToolboxForMac/GoogleToolboxForMac.framework",
				"${BUILT_PRODUCTS_DIR}/leveldb-library/leveldb.framework",
				"${BUILT_PRODUCTS_DIR}/nanopb/nanopb.framework",
			);
			name = "[CP] Embed Pods Frameworks";
			outputPaths = (
				"${TARGET_BUILD_DIR}/${FRAMEWORKS_FOLDER_PATH}/GTMSessionFetcher.framework",
				"${TARGET_BUILD_DIR}/${FRAMEWORKS_FOLDER_PATH}/GoogleToolboxForMac.framework",
				"${TARGET_BUILD_DIR}/${FRAMEWORKS_FOLDER_PATH}/leveldb.framework",
				"${TARGET_BUILD_DIR}/${FRAMEWORKS_FOLDER_PATH}/nanopb.framework",
			);
			runOnlyForDeploymentPostprocessing = 0;
			shellPath = /bin/sh;
			shellScript = "\"${SRCROOT}/Pods/Target Support Files/Pods-firebase_realtime_database_test/Pods-firebase_realtime_database_test-frameworks.sh\"\n";
			showEnvVarsInLog = 0;
		};
		5508B2F0FF9D97769362EFC6 /* [CP] Check Pods Manifest.lock */ = {
			isa = PBXShellScriptBuildPhase;
			buildActionMask = 2147483647;
			files = (
			);
			inputPaths = (
				"${PODS_PODFILE_DIR_PATH}/Podfile.lock",
				"${PODS_ROOT}/Manifest.lock",
			);
			name = "[CP] Check Pods Manifest.lock";
			outputPaths = (
				"$(DERIVED_FILE_DIR)/Pods-firebase_realtime_database_testUITests-checkManifestLockResult.txt",
			);
			runOnlyForDeploymentPostprocessing = 0;
			shellPath = /bin/sh;
			shellScript = "diff \"${PODS_PODFILE_DIR_PATH}/Podfile.lock\" \"${PODS_ROOT}/Manifest.lock\" > /dev/null\nif [ $? != 0 ] ; then\n    # print error to STDERR\n    echo \"error: The sandbox is not in sync with the Podfile.lock. Run 'pod install' or update your CocoaPods installation.\" >&2\n    exit 1\nfi\n# This output is used by Xcode 'outputs' to avoid re-running this script phase.\necho \"SUCCESS\" > \"${SCRIPT_OUTPUT_FILE_0}\"\n";
			showEnvVarsInLog = 0;
		};
		7D95D286C01900CBA5EFEAE5 /* [CP] Check Pods Manifest.lock */ = {
			isa = PBXShellScriptBuildPhase;
			buildActionMask = 2147483647;
			files = (
			);
			inputPaths = (
				"${PODS_PODFILE_DIR_PATH}/Podfile.lock",
				"${PODS_ROOT}/Manifest.lock",
			);
			name = "[CP] Check Pods Manifest.lock";
			outputPaths = (
				"$(DERIVED_FILE_DIR)/Pods-firebase_realtime_database_testTests-checkManifestLockResult.txt",
			);
			runOnlyForDeploymentPostprocessing = 0;
			shellPath = /bin/sh;
			shellScript = "diff \"${PODS_PODFILE_DIR_PATH}/Podfile.lock\" \"${PODS_ROOT}/Manifest.lock\" > /dev/null\nif [ $? != 0 ] ; then\n    # print error to STDERR\n    echo \"error: The sandbox is not in sync with the Podfile.lock. Run 'pod install' or update your CocoaPods installation.\" >&2\n    exit 1\nfi\n# This output is used by Xcode 'outputs' to avoid re-running this script phase.\necho \"SUCCESS\" > \"${SCRIPT_OUTPUT_FILE_0}\"\n";
			showEnvVarsInLog = 0;
		};
		97696A360F4580B257EACFE5 /* [CP] Copy Pods Resources */ = {
			isa = PBXShellScriptBuildPhase;
			buildActionMask = 2147483647;
			files = (
			);
			inputPaths = (
			);
			name = "[CP] Copy Pods Resources";
			outputPaths = (
			);
			runOnlyForDeploymentPostprocessing = 0;
			shellPath = /bin/sh;
			shellScript = "\"${SRCROOT}/Pods/Target Support Files/Pods-firebase_realtime_database_testUITests/Pods-firebase_realtime_database_testUITests-resources.sh\"\n";
			showEnvVarsInLog = 0;
		};
		A628CA6F433FCAE29A703394 /* [CP] Embed Pods Frameworks */ = {
			isa = PBXShellScriptBuildPhase;
			buildActionMask = 2147483647;
			files = (
			);
			inputPaths = (
			);
			name = "[CP] Embed Pods Frameworks";
			outputPaths = (
			);
			runOnlyForDeploymentPostprocessing = 0;
			shellPath = /bin/sh;
			shellScript = "\"${SRCROOT}/Pods/Target Support Files/Pods-firebase_realtime_database_testTests/Pods-firebase_realtime_database_testTests-frameworks.sh\"\n";
			showEnvVarsInLog = 0;
		};
		CD971FD2E92CC12C1335787D /* [CP] Copy Pods Resources */ = {
			isa = PBXShellScriptBuildPhase;
			buildActionMask = 2147483647;
			files = (
			);
			inputPaths = (
			);
			name = "[CP] Copy Pods Resources";
			outputPaths = (
			);
			runOnlyForDeploymentPostprocessing = 0;
			shellPath = /bin/sh;
			shellScript = "\"${SRCROOT}/Pods/Target Support Files/Pods-firebase_realtime_database_testTests/Pods-firebase_realtime_database_testTests-resources.sh\"\n";
			showEnvVarsInLog = 0;
		};
		CDC28F99CEC524CB04ED1F6C /* [CP] Embed Pods Frameworks */ = {
			isa = PBXShellScriptBuildPhase;
			buildActionMask = 2147483647;
			files = (
			);
			inputPaths = (
			);
			name = "[CP] Embed Pods Frameworks";
			outputPaths = (
			);
			runOnlyForDeploymentPostprocessing = 0;
			shellPath = /bin/sh;
			shellScript = "\"${SRCROOT}/Pods/Target Support Files/Pods-firebase_realtime_database_testUITests/Pods-firebase_realtime_database_testUITests-frameworks.sh\"\n";
			showEnvVarsInLog = 0;
		};
		F7F6B301F5B81BB854150137 /* [CP] Check Pods Manifest.lock */ = {
			isa = PBXShellScriptBuildPhase;
			buildActionMask = 2147483647;
			files = (
			);
			inputPaths = (
				"${PODS_PODFILE_DIR_PATH}/Podfile.lock",
				"${PODS_ROOT}/Manifest.lock",
			);
			name = "[CP] Check Pods Manifest.lock";
			outputPaths = (
				"$(DERIVED_FILE_DIR)/Pods-firebase_realtime_database_test-checkManifestLockResult.txt",
			);
			runOnlyForDeploymentPostprocessing = 0;
			shellPath = /bin/sh;
			shellScript = "diff \"${PODS_PODFILE_DIR_PATH}/Podfile.lock\" \"${PODS_ROOT}/Manifest.lock\" > /dev/null\nif [ $? != 0 ] ; then\n    # print error to STDERR\n    echo \"error: The sandbox is not in sync with the Podfile.lock. Run 'pod install' or update your CocoaPods installation.\" >&2\n    exit 1\nfi\n# This output is used by Xcode 'outputs' to avoid re-running this script phase.\necho \"SUCCESS\" > \"${SCRIPT_OUTPUT_FILE_0}\"\n";
			showEnvVarsInLog = 0;
		};
/* End PBXShellScriptBuildPhase section */

/* Begin PBXSourcesBuildPhase section */
		9E1E421220286DEE006418BA /* Sources */ = {
			isa = PBXSourcesBuildPhase;
			buildActionMask = 2147483647;
			files = (
				9E1E421C20286DEE006418BA /* ChatViewController.swift in Sources */,
				9E1E421A20286DEE006418BA /* AppDelegate.swift in Sources */,
				9E4148022031E4F300000780 /* AssignChatToUserQueue.swift in Sources */,
				9E2A7A832028C74300F7D45E /* SignInViewController.swift in Sources */,
				9E4148062031EA3400000780 /* Chats.swift in Sources */,
				9E2A7A7B2028BE0300F7D45E /* Firebase.swift in Sources */,
				9E2A7A7F2028C36C00F7D45E /* LoginViewController.swift in Sources */,
				9ECE50042029C92000C4DC96 /* Chat.swift in Sources */,
				9E98EF7C203318E700F9C6A5 /* ChatsAlertController.swift in Sources */,
				9E2A7A852028C7D400F7D45E /* App.swift in Sources */,
				9ECE50092029E8BB00C4DC96 /* ChatsViewController.swift in Sources */,
				9E4147FD2031B16800000780 /* NewMessageChatIDs.swift in Sources */,
				9E1E422220286DEE006418BA /* firebase_realtime_database_test.xcdatamodeld in Sources */,
				9EAFC668202DE34D001BE840 /* AssignChatToUserViewController.swift in Sources */,
			);
			runOnlyForDeploymentPostprocessing = 0;
		};
		9E1E422920286DEE006418BA /* Sources */ = {
			isa = PBXSourcesBuildPhase;
			buildActionMask = 2147483647;
			files = (
				9E1E423220286DEE006418BA /* firebase_realtime_database_testTests.swift in Sources */,
			);
			runOnlyForDeploymentPostprocessing = 0;
		};
		9E1E423420286DEE006418BA /* Sources */ = {
			isa = PBXSourcesBuildPhase;
			buildActionMask = 2147483647;
			files = (
				9E1E423D20286DEE006418BA /* firebase_realtime_database_testUITests.swift in Sources */,
			);
			runOnlyForDeploymentPostprocessing = 0;
		};
/* End PBXSourcesBuildPhase section */

/* Begin PBXTargetDependency section */
		9E1E422F20286DEE006418BA /* PBXTargetDependency */ = {
			isa = PBXTargetDependency;
			target = 9E1E421520286DEE006418BA /* firebase_realtime_database_test */;
			targetProxy = 9E1E422E20286DEE006418BA /* PBXContainerItemProxy */;
		};
		9E1E423A20286DEE006418BA /* PBXTargetDependency */ = {
			isa = PBXTargetDependency;
			target = 9E1E421520286DEE006418BA /* firebase_realtime_database_test */;
			targetProxy = 9E1E423920286DEE006418BA /* PBXContainerItemProxy */;
		};
/* End PBXTargetDependency section */

/* Begin PBXVariantGroup section */
		9E1E421D20286DEE006418BA /* Main.storyboard */ = {
			isa = PBXVariantGroup;
			children = (
				9E1E421E20286DEE006418BA /* Base */,
			);
			name = Main.storyboard;
			sourceTree = "<group>";
		};
		9E1E422520286DEE006418BA /* LaunchScreen.storyboard */ = {
			isa = PBXVariantGroup;
			children = (
				9E1E422620286DEE006418BA /* Base */,
			);
			name = LaunchScreen.storyboard;
			sourceTree = "<group>";
		};
/* End PBXVariantGroup section */

/* Begin XCBuildConfiguration section */
		9E1E423F20286DEF006418BA /* Debug */ = {
			isa = XCBuildConfiguration;
			buildSettings = {
				ALWAYS_SEARCH_USER_PATHS = NO;
				CLANG_ANALYZER_NONNULL = YES;
				CLANG_ANALYZER_NUMBER_OBJECT_CONVERSION = YES_AGGRESSIVE;
				CLANG_CXX_LANGUAGE_STANDARD = "gnu++14";
				CLANG_CXX_LIBRARY = "libc++";
				CLANG_ENABLE_MODULES = YES;
				CLANG_ENABLE_OBJC_ARC = YES;
				CLANG_WARN_BLOCK_CAPTURE_AUTORELEASING = YES;
				CLANG_WARN_BOOL_CONVERSION = YES;
				CLANG_WARN_COMMA = YES;
				CLANG_WARN_CONSTANT_CONVERSION = YES;
				CLANG_WARN_DIRECT_OBJC_ISA_USAGE = YES_ERROR;
				CLANG_WARN_DOCUMENTATION_COMMENTS = YES;
				CLANG_WARN_EMPTY_BODY = YES;
				CLANG_WARN_ENUM_CONVERSION = YES;
				CLANG_WARN_INFINITE_RECURSION = YES;
				CLANG_WARN_INT_CONVERSION = YES;
				CLANG_WARN_NON_LITERAL_NULL_CONVERSION = YES;
				CLANG_WARN_OBJC_LITERAL_CONVERSION = YES;
				CLANG_WARN_OBJC_ROOT_CLASS = YES_ERROR;
				CLANG_WARN_RANGE_LOOP_ANALYSIS = YES;
				CLANG_WARN_STRICT_PROTOTYPES = YES;
				CLANG_WARN_SUSPICIOUS_MOVE = YES;
				CLANG_WARN_UNGUARDED_AVAILABILITY = YES_AGGRESSIVE;
				CLANG_WARN_UNREACHABLE_CODE = YES;
				CLANG_WARN__DUPLICATE_METHOD_MATCH = YES;
				CODE_SIGN_IDENTITY = "iPhone Developer";
				COPY_PHASE_STRIP = NO;
				DEBUG_INFORMATION_FORMAT = dwarf;
				ENABLE_STRICT_OBJC_MSGSEND = YES;
				ENABLE_TESTABILITY = YES;
				GCC_C_LANGUAGE_STANDARD = gnu11;
				GCC_DYNAMIC_NO_PIC = NO;
				GCC_NO_COMMON_BLOCKS = YES;
				GCC_OPTIMIZATION_LEVEL = 0;
				GCC_PREPROCESSOR_DEFINITIONS = (
					"DEBUG=1",
					"$(inherited)",
				);
				GCC_WARN_64_TO_32_BIT_CONVERSION = YES;
				GCC_WARN_ABOUT_RETURN_TYPE = YES_ERROR;
				GCC_WARN_UNDECLARED_SELECTOR = YES;
				GCC_WARN_UNINITIALIZED_AUTOS = YES_AGGRESSIVE;
				GCC_WARN_UNUSED_FUNCTION = YES;
				GCC_WARN_UNUSED_VARIABLE = YES;
				IPHONEOS_DEPLOYMENT_TARGET = 11.2;
				MTL_ENABLE_DEBUG_INFO = YES;
				ONLY_ACTIVE_ARCH = YES;
				SDKROOT = iphoneos;
				SWIFT_ACTIVE_COMPILATION_CONDITIONS = DEBUG;
				SWIFT_OPTIMIZATION_LEVEL = "-Onone";
			};
			name = Debug;
		};
		9E1E424020286DEF006418BA /* Release */ = {
			isa = XCBuildConfiguration;
			buildSettings = {
				ALWAYS_SEARCH_USER_PATHS = NO;
				CLANG_ANALYZER_NONNULL = YES;
				CLANG_ANALYZER_NUMBER_OBJECT_CONVERSION = YES_AGGRESSIVE;
				CLANG_CXX_LANGUAGE_STANDARD = "gnu++14";
				CLANG_CXX_LIBRARY = "libc++";
				CLANG_ENABLE_MODULES = YES;
				CLANG_ENABLE_OBJC_ARC = YES;
				CLANG_WARN_BLOCK_CAPTURE_AUTORELEASING = YES;
				CLANG_WARN_BOOL_CONVERSION = YES;
				CLANG_WARN_COMMA = YES;
				CLANG_WARN_CONSTANT_CONVERSION = YES;
				CLANG_WARN_DIRECT_OBJC_ISA_USAGE = YES_ERROR;
				CLANG_WARN_DOCUMENTATION_COMMENTS = YES;
				CLANG_WARN_EMPTY_BODY = YES;
				CLANG_WARN_ENUM_CONVERSION = YES;
				CLANG_WARN_INFINITE_RECURSION = YES;
				CLANG_WARN_INT_CONVERSION = YES;
				CLANG_WARN_NON_LITERAL_NULL_CONVERSION = YES;
				CLANG_WARN_OBJC_LITERAL_CONVERSION = YES;
				CLANG_WARN_OBJC_ROOT_CLASS = YES_ERROR;
				CLANG_WARN_RANGE_LOOP_ANALYSIS = YES;
				CLANG_WARN_STRICT_PROTOTYPES = YES;
				CLANG_WARN_SUSPICIOUS_MOVE = YES;
				CLANG_WARN_UNGUARDED_AVAILABILITY = YES_AGGRESSIVE;
				CLANG_WARN_UNREACHABLE_CODE = YES;
				CLANG_WARN__DUPLICATE_METHOD_MATCH = YES;
				CODE_SIGN_IDENTITY = "iPhone Developer";
				COPY_PHASE_STRIP = NO;
				DEBUG_INFORMATION_FORMAT = "dwarf-with-dsym";
				ENABLE_NS_ASSERTIONS = NO;
				ENABLE_STRICT_OBJC_MSGSEND = YES;
				GCC_C_LANGUAGE_STANDARD = gnu11;
				GCC_NO_COMMON_BLOCKS = YES;
				GCC_WARN_64_TO_32_BIT_CONVERSION = YES;
				GCC_WARN_ABOUT_RETURN_TYPE = YES_ERROR;
				GCC_WARN_UNDECLARED_SELECTOR = YES;
				GCC_WARN_UNINITIALIZED_AUTOS = YES_AGGRESSIVE;
				GCC_WARN_UNUSED_FUNCTION = YES;
				GCC_WARN_UNUSED_VARIABLE = YES;
				IPHONEOS_DEPLOYMENT_TARGET = 11.2;
				MTL_ENABLE_DEBUG_INFO = NO;
				SDKROOT = iphoneos;
				SWIFT_OPTIMIZATION_LEVEL = "-Owholemodule";
				VALIDATE_PRODUCT = YES;
			};
			name = Release;
		};
		9E1E424220286DEF006418BA /* Debug */ = {
			isa = XCBuildConfiguration;
			baseConfigurationReference = 4C0391EADF9A7648B0FDAA4D /* Pods-firebase_realtime_database_test.debug.xcconfig */;
			buildSettings = {
				ASSETCATALOG_COMPILER_APPICON_NAME = AppIcon;
				CODE_SIGN_STYLE = Automatic;
				DEVELOPMENT_TEAM = PSLRJ6EG6T;
				INFOPLIST_FILE = firebase_realtime_database_test/Info.plist;
				LD_RUNPATH_SEARCH_PATHS = "$(inherited) @executable_path/Frameworks";
				PRODUCT_BUNDLE_IDENTIFIER = "yan.malinovsky.firebase-realtime-database-test";
				PRODUCT_NAME = "$(TARGET_NAME)";
				SWIFT_VERSION = 4.0;
				TARGETED_DEVICE_FAMILY = "1,2";
			};
			name = Debug;
		};
		9E1E424320286DEF006418BA /* Release */ = {
			isa = XCBuildConfiguration;
			baseConfigurationReference = FB8A5A0D922B8A43687B8596 /* Pods-firebase_realtime_database_test.release.xcconfig */;
			buildSettings = {
				ASSETCATALOG_COMPILER_APPICON_NAME = AppIcon;
				CODE_SIGN_STYLE = Automatic;
				DEVELOPMENT_TEAM = PSLRJ6EG6T;
				INFOPLIST_FILE = firebase_realtime_database_test/Info.plist;
				LD_RUNPATH_SEARCH_PATHS = "$(inherited) @executable_path/Frameworks";
				PRODUCT_BUNDLE_IDENTIFIER = "yan.malinovsky.firebase-realtime-database-test";
				PRODUCT_NAME = "$(TARGET_NAME)";
				SWIFT_VERSION = 4.0;
				TARGETED_DEVICE_FAMILY = "1,2";
			};
			name = Release;
		};
		9E1E424520286DEF006418BA /* Debug */ = {
			isa = XCBuildConfiguration;
			baseConfigurationReference = F7530BE2DA201989D4902B03 /* Pods-firebase_realtime_database_testTests.debug.xcconfig */;
			buildSettings = {
				ALWAYS_EMBED_SWIFT_STANDARD_LIBRARIES = YES;
				BUNDLE_LOADER = "$(TEST_HOST)";
				CODE_SIGN_STYLE = Automatic;
				DEVELOPMENT_TEAM = PSLRJ6EG6T;
				INFOPLIST_FILE = firebase_realtime_database_testTests/Info.plist;
				LD_RUNPATH_SEARCH_PATHS = "$(inherited) @executable_path/Frameworks @loader_path/Frameworks";
				PRODUCT_BUNDLE_IDENTIFIER = "yan.malinovsky.firebase-realtime-database-testTests";
				PRODUCT_NAME = "$(TARGET_NAME)";
				SWIFT_VERSION = 4.0;
				TARGETED_DEVICE_FAMILY = "1,2";
				TEST_HOST = "$(BUILT_PRODUCTS_DIR)/firebase_realtime_database_test.app/firebase_realtime_database_test";
			};
			name = Debug;
		};
		9E1E424620286DEF006418BA /* Release */ = {
			isa = XCBuildConfiguration;
			baseConfigurationReference = CC667166A07BE62150AB21F2 /* Pods-firebase_realtime_database_testTests.release.xcconfig */;
			buildSettings = {
				ALWAYS_EMBED_SWIFT_STANDARD_LIBRARIES = YES;
				BUNDLE_LOADER = "$(TEST_HOST)";
				CODE_SIGN_STYLE = Automatic;
				DEVELOPMENT_TEAM = PSLRJ6EG6T;
				INFOPLIST_FILE = firebase_realtime_database_testTests/Info.plist;
				LD_RUNPATH_SEARCH_PATHS = "$(inherited) @executable_path/Frameworks @loader_path/Frameworks";
				PRODUCT_BUNDLE_IDENTIFIER = "yan.malinovsky.firebase-realtime-database-testTests";
				PRODUCT_NAME = "$(TARGET_NAME)";
				SWIFT_VERSION = 4.0;
				TARGETED_DEVICE_FAMILY = "1,2";
				TEST_HOST = "$(BUILT_PRODUCTS_DIR)/firebase_realtime_database_test.app/firebase_realtime_database_test";
			};
			name = Release;
		};
		9E1E424820286DEF006418BA /* Debug */ = {
			isa = XCBuildConfiguration;
			baseConfigurationReference = 07A4240980D190850D1A5DEF /* Pods-firebase_realtime_database_testUITests.debug.xcconfig */;
			buildSettings = {
				ALWAYS_EMBED_SWIFT_STANDARD_LIBRARIES = YES;
				CODE_SIGN_STYLE = Automatic;
				DEVELOPMENT_TEAM = PSLRJ6EG6T;
				INFOPLIST_FILE = firebase_realtime_database_testUITests/Info.plist;
				LD_RUNPATH_SEARCH_PATHS = "$(inherited) @executable_path/Frameworks @loader_path/Frameworks";
				PRODUCT_BUNDLE_IDENTIFIER = "yan.malinovsky.firebase-realtime-database-testUITests";
				PRODUCT_NAME = "$(TARGET_NAME)";
				SWIFT_VERSION = 4.0;
				TARGETED_DEVICE_FAMILY = "1,2";
				TEST_TARGET_NAME = firebase_realtime_database_test;
			};
			name = Debug;
		};
		9E1E424920286DEF006418BA /* Release */ = {
			isa = XCBuildConfiguration;
			baseConfigurationReference = 430A47D667F022034480D9AC /* Pods-firebase_realtime_database_testUITests.release.xcconfig */;
			buildSettings = {
				ALWAYS_EMBED_SWIFT_STANDARD_LIBRARIES = YES;
				CODE_SIGN_STYLE = Automatic;
				DEVELOPMENT_TEAM = PSLRJ6EG6T;
				INFOPLIST_FILE = firebase_realtime_database_testUITests/Info.plist;
				LD_RUNPATH_SEARCH_PATHS = "$(inherited) @executable_path/Frameworks @loader_path/Frameworks";
				PRODUCT_BUNDLE_IDENTIFIER = "yan.malinovsky.firebase-realtime-database-testUITests";
				PRODUCT_NAME = "$(TARGET_NAME)";
				SWIFT_VERSION = 4.0;
				TARGETED_DEVICE_FAMILY = "1,2";
				TEST_TARGET_NAME = firebase_realtime_database_test;
			};
			name = Release;
		};
/* End XCBuildConfiguration section */

/* Begin XCConfigurationList section */
		9E1E421120286DEE006418BA /* Build configuration list for PBXProject "firebase_realtime_database_test" */ = {
			isa = XCConfigurationList;
			buildConfigurations = (
				9E1E423F20286DEF006418BA /* Debug */,
				9E1E424020286DEF006418BA /* Release */,
			);
			defaultConfigurationIsVisible = 0;
			defaultConfigurationName = Release;
		};
		9E1E424120286DEF006418BA /* Build configuration list for PBXNativeTarget "firebase_realtime_database_test" */ = {
			isa = XCConfigurationList;
			buildConfigurations = (
				9E1E424220286DEF006418BA /* Debug */,
				9E1E424320286DEF006418BA /* Release */,
			);
			defaultConfigurationIsVisible = 0;
			defaultConfigurationName = Release;
		};
		9E1E424420286DEF006418BA /* Build configuration list for PBXNativeTarget "firebase_realtime_database_testTests" */ = {
			isa = XCConfigurationList;
			buildConfigurations = (
				9E1E424520286DEF006418BA /* Debug */,
				9E1E424620286DEF006418BA /* Release */,
			);
			defaultConfigurationIsVisible = 0;
			defaultConfigurationName = Release;
		};
		9E1E424720286DEF006418BA /* Build configuration list for PBXNativeTarget "firebase_realtime_database_testUITests" */ = {
			isa = XCConfigurationList;
			buildConfigurations = (
				9E1E424820286DEF006418BA /* Debug */,
				9E1E424920286DEF006418BA /* Release */,
			);
			defaultConfigurationIsVisible = 0;
			defaultConfigurationName = Release;
		};
/* End XCConfigurationList section */

/* Begin XCVersionGroup section */
		9E1E422020286DEE006418BA /* firebase_realtime_database_test.xcdatamodeld */ = {
			isa = XCVersionGroup;
			children = (
				9E1E422120286DEE006418BA /* firebase_realtime_database_test.xcdatamodel */,
			);
			currentVersion = 9E1E422120286DEE006418BA /* firebase_realtime_database_test.xcdatamodel */;
			path = firebase_realtime_database_test.xcdatamodeld;
			sourceTree = "<group>";
			versionGroupType = wrapper.xcdatamodel;
		};
/* End XCVersionGroup section */
	};
	rootObject = 9E1E420E20286DEE006418BA /* Project object */;
}
